// !$*UTF8*$!
{
	archiveVersion = 1;
	classes = {
	};
	objectVersion = 46;
	objects = {

/* Begin PBXBuildFile section */
		9B010F601AF1351300259CC9 /* Car.m in Sources */ = {isa = PBXBuildFile; fileRef = 9B6E6AAC1AF11E7900BED12B /* Car.m */; };
		9B010F611AF1373800259CC9 /* Tire.m in Sources */ = {isa = PBXBuildFile; fileRef = 9B6E6AA61AF11C9700BED12B /* Tire.m */; };
		9B010F621AF1373B00259CC9 /* Engine.m in Sources */ = {isa = PBXBuildFile; fileRef = 9B6E6AA91AF11D3900BED12B /* Engine.m */; };
/* End PBXBuildFile section */

/* Begin PBXCopyFilesBuildPhase section */
		9B762DB71AD92D3000C62A37 /* CopyFiles */ = {
			isa = PBXCopyFilesBuildPhase;
			buildActionMask = 2147483647;
			dstPath = /usr/share/man/man1/;
			dstSubfolderSpec = 0;
			files = (
			);
			runOnlyForDeploymentPostprocessing = 1;
		};
/* End PBXCopyFilesBuildPhase section */

/* Begin PBXFileReference section */
		9B6E6AA51AF11C9700BED12B /* Tire.h */ = {isa = PBXFileReference; fileEncoding = 4; lastKnownFileType = sourcecode.c.h; path = Tire.h; sourceTree = "<group>"; };
		9B6E6AA61AF11C9700BED12B /* Tire.m */ = {isa = PBXFileReference; fileEncoding = 4; lastKnownFileType = sourcecode.c.objc; path = Tire.m; sourceTree = "<group>"; };
		9B6E6AA81AF11D3900BED12B /* Engine.h */ = {isa = PBXFileReference; fileEncoding = 4; lastKnownFileType = sourcecode.c.h; path = Engine.h; sourceTree = "<group>"; };
		9B6E6AA91AF11D3900BED12B /* Engine.m */ = {isa = PBXFileReference; fileEncoding = 4; lastKnownFileType = sourcecode.c.objc; path = Engine.m; sourceTree = "<group>"; };
		9B6E6AAB1AF11E7900BED12B /* Car.h */ = {isa = PBXFileReference; fileEncoding = 4; lastKnownFileType = sourcecode.c.h; path = Car.h; sourceTree = "<group>"; };
		9B6E6AAC1AF11E7900BED12B /* Car.m */ = {isa = PBXFileReference; fileEncoding = 4; lastKnownFileType = sourcecode.c.objc; path = Car.m; sourceTree = "<group>"; };
		9B762DB91AD92D3000C62A37 /* StuPro */ = {isa = PBXFileReference; explicitFileType = "compiled.mach-o.executable"; includeInIndex = 0; path = StuPro; sourceTree = BUILT_PRODUCTS_DIR; };
/* End PBXFileReference section */

/* Begin PBXFrameworksBuildPhase section */
		9B762DB61AD92D3000C62A37 /* Frameworks */ = {
			isa = PBXFrameworksBuildPhase;
			buildActionMask = 2147483647;
			files = (
			);
			runOnlyForDeploymentPostprocessing = 0;
		};
/* End PBXFrameworksBuildPhase section */

/* Begin PBXGroup section */
		9B762DB01AD92D3000C62A37 = {
			isa = PBXGroup;
			children = (
				9B762DBB1AD92D3000C62A37 /* StuPro */,
				9B762DBA1AD92D3000C62A37 /* Products */,
			);
			sourceTree = "<group>";
		};
		9B762DBA1AD92D3000C62A37 /* Products */ = {
			isa = PBXGroup;
			children = (
				9B762DB91AD92D3000C62A37 /* StuPro */,
			);
			name = Products;
			sourceTree = "<group>";
		};
		9B762DBB1AD92D3000C62A37 /* StuPro */ = {
			isa = PBXGroup;
			children = (
				9B6E6AA51AF11C9700BED12B /* Tire.h */,
				9B6E6AA61AF11C9700BED12B /* Tire.m */,
				9B6E6AA81AF11D3900BED12B /* Engine.h */,
				9B6E6AA91AF11D3900BED12B /* Engine.m */,
				9B6E6AAB1AF11E7900BED12B /* Car.h */,
				9B6E6AAC1AF11E7900BED12B /* Car.m */,
			);
			path = StuPro;
			sourceTree = "<group>";
		};
/* End PBXGroup section */

/* Begin PBXNativeTarget section */
		9B762DB81AD92D3000C62A37 /* StuPro */ = {
			isa = PBXNativeTarget;
			buildConfigurationList = 9B762DC01AD92D3000C62A37 /* Build configuration list for PBXNativeTarget "StuPro" */;
			buildPhases = (
				9B762DB51AD92D3000C62A37 /* Sources */,
				9B762DB61AD92D3000C62A37 /* Frameworks */,
				9B762DB71AD92D3000C62A37 /* CopyFiles */,
			);
			buildRules = (
			);
			dependencies = (
			);
			name = StuPro;
			productName = StuPro;
			productReference = 9B762DB91AD92D3000C62A37 /* StuPro */;
			productType = "com.apple.product-type.tool";
		};
/* End PBXNativeTarget section */

/* Begin PBXProject section */
		9B762DB11AD92D3000C62A37 /* Project object */ = {
			isa = PBXProject;
			attributes = {
				LastUpgradeCheck = 0630;
				ORGANIZATIONNAME = "李华";
				TargetAttributes = {
					9B762DB81AD92D3000C62A37 = {
						CreatedOnToolsVersion = 6.3;
					};
				};
			};
			buildConfigurationList = 9B762DB41AD92D3000C62A37 /* Build configuration list for PBXProject "StuPro" */;
			compatibilityVersion = "Xcode 3.2";
			developmentRegion = English;
			hasScannedForEncodings = 0;
			knownRegions = (
				en,
			);
			mainGroup = 9B762DB01AD92D3000C62A37;
			productRefGroup = 9B762DBA1AD92D3000C62A37 /* Products */;
			projectDirPath = "";
			projectRoot = "";
			targets = (
				9B762DB81AD92D3000C62A37 /* StuPro */,
			);
		};
/* End PBXProject section */

/* Begin PBXSourcesBuildPhase section */
		9B762DB51AD92D3000C62A37 /* Sources */ = {
			isa = PBXSourcesBuildPhase;
			buildActionMask = 2147483647;
			files = (
				9B010F621AF1373B00259CC9 /* Engine.m in Sources */,
				9B010F611AF1373800259CC9 /* Tire.m in Sources */,
				9B010F601AF1351300259CC9 /* Car.m in Sources */,
			);
			runOnlyForDeploymentPostprocessing = 0;
		};
/* End PBXSourcesBuildPhase section */

/* Begin XCBuildConfiguration section */
		9B762DBE1AD92D3000C62A37 /* Debug */ = {
			isa = XCBuildConfiguration;
			buildSettings = {
				ALWAYS_SEARCH_USER_PATHS = NO;
				CLANG_CXX_LANGUAGE_STANDARD = "gnu++0x";
				CLANG_CXX_LIBRARY = "libc++";
				CLANG_ENABLE_MODULES = YES;
				CLANG_ENABLE_OBJC_ARC = YES;
				CLANG_WARN_BOOL_CONVERSION = YES;
				CLANG_WARN_CONSTANT_CONVERSION = YES;
				CLANG_WARN_DIRECT_OBJC_ISA_USAGE = YES_ERROR;
				CLANG_WARN_EMPTY_BODY = YES;
				CLANG_WARN_ENUM_CONVERSION = YES;
				CLANG_WARN_INT_CONVERSION = YES;
				CLANG_WARN_OBJC_ROOT_CLASS = YES_ERROR;
				CLANG_WARN_UNREACHABLE_CODE = YES;
				CLANG_WARN__DUPLICATE_METHOD_MATCH = YES;
				COPY_PHASE_STRIP = NO;
				DEBUG_INFORMATION_FORMAT = dwarf;
				ENABLE_STRICT_OBJC_MSGSEND = YES;
				GCC_C_LANGUAGE_STANDARD = gnu99;
				GCC_DYNAMIC_NO_PIC = NO;
				GCC_NO_COMMON_BLOCKS = YES;
				GCC_OPTIMIZATION_LEVEL = 0;
				GCC_PREPROCESSOR_DEFINITIONS = (
					"DEBUG=1",
					"$(inherited)",
				);
				GCC_SYMBOLS_PRIVATE_EXTERN = NO;
				GCC_WARN_64_TO_32_BIT_CONVERSION = YES;
				GCC_WARN_ABOUT_RETURN_TYPE = YES_ERROR;
				GCC_WARN_UNDECLARED_SELECTOR = YES;
				GCC_WARN_UNINITIALIZED_AUTOS = YES_AGGRESSIVE;
				GCC_WARN_UNUSED_FUNCTION = YES;
				GCC_WARN_UNUSED_VARIABLE = YES;
				MACOSX_DEPLOYMENT_TARGET = 10.10;
				MTL_ENABLE_DEBUG_INFO = YES;
				ONLY_ACTIVE_ARCH = YES;
				SDKROOT = macosx;
			};
			name = Debug;
		};
		9B762DBF1AD92D3000C62A37 /* Release */ = {
			isa = XCBuildConfiguration;
			buildSettings = {
				ALWAYS_SEARCH_USER_PATHS = NO;
				CLANG_CXX_LANGUAGE_STANDARD = "gnu++0x";
				CLANG_CXX_LIBRARY = "libc++";
				CLANG_ENABLE_MODULES = YES;
				CLANG_ENABLE_OBJC_ARC = YES;
				CLANG_WARN_BOOL_CONVERSION = YES;
				CLANG_WARN_CONSTANT_CONVERSION = YES;
				CLANG_WARN_DIRECT_OBJC_ISA_USAGE = YES_ERROR;
				CLANG_WARN_EMPTY_BODY = YES;
				CLANG_WARN_ENUM_CONVERSION = YES;
				CLANG_WARN_INT_CONVERSION = YES;
				CLANG_WARN_OBJC_ROOT_CLASS = YES_ERROR;
				CLANG_WARN_UNREACHABLE_CODE = YES;
				CLANG_WARN__DUPLICATE_METHOD_MATCH = YES;
				COPY_PHASE_STRIP = NO;
				DEBUG_INFORMATION_FORMAT = "dwarf-with-dsym";
				ENABLE_NS_ASSERTIONS = NO;
				ENABLE_STRICT_OBJC_MSGSEND = YES;
				GCC_C_LANGUAGE_STANDARD = gnu99;
				GCC_NO_COMMON_BLOCKS = YES;
				GCC_WARN_64_TO_32_BIT_CONVERSION = YES;
				GCC_WARN_ABOUT_RETURN_TYPE = YES_ERROR;
				GCC_WARN_UNDECLARED_SELECTOR = YES;
				GCC_WARN_UNINITIALIZED_AUTOS = YES_AGGRESSIVE;
				GCC_WARN_UNUSED_FUNCTION = YES;
				GCC_WARN_UNUSED_VARIABLE = YES;
				MACOSX_DEPLOYMENT_TARGET = 10.10;
				MTL_ENABLE_DEBUG_INFO = NO;
				SDKROOT = macosx;
			};
			name = Release;
		};
		9B762DC11AD92D3000C62A37 /* Debug */ = {
			isa = XCBuildConfiguration;
			buildSettings = {
				CLANG_ENABLE_OBJC_ARC = YES;
				PRODUCT_NAME = "$(TARGET_NAME)";
			};
			name = Debug;
		};
		9B762DC21AD92D3000C62A37 /* Release */ = {
			isa = XCBuildConfiguration;
			buildSettings = {
				CLANG_ENABLE_OBJC_ARC = YES;
				PRODUCT_NAME = "$(TARGET_NAME)";
			};
			name = Release;
		};
/* End XCBuildConfiguration section */

/* Begin XCConfigurationList section */
		9B762DB41AD92D3000C62A37 /* Build configuration list for PBXProject "StuPro" */ = {
			isa = XCConfigurationList;
			buildConfigurations = (
				9B762DBE1AD92D3000C62A37 /* Debug */,
				9B762DBF1AD92D3000C62A37 /* Release */,
			);
			defaultConfigurationIsVisible = 0;
			defaultConfigurationName = Release;
		};
		9B762DC01AD92D3000C62A37 /* Build configuration list for PBXNativeTarget "StuPro" */ = {
			isa = XCConfigurationList;
			buildConfigurations = (
				9B762DC11AD92D3000C62A37 /* Debug */,
				9B762DC21AD92D3000C62A37 /* Release */,
			);
			defaultConfigurationIsVisible = 0;
			defaultConfigurationName = Release;
		};
/* End XCConfigurationList section */
	};
	rootObject = 9B762DB11AD92D3000C62A37 /* Project object */;
}
